
Microsoft Visual Studio Solution File, Format Version 12.00
# Visual Studio 14
VisualStudioVersion = 14.0.25420.1
MinimumVisualStudioVersion = 10.0.40219.1
Project("{F14B399A-7131-4C87-9E4B-1186C45EF12D}") = "Nilai Siswa", "Nilai Siswa\Nilai Siswa.rptproj", "{E17AE25F-62CC-49AA-9925-815611E097DD}"
EndProject
Global
	GlobalSection(SolutionConfigurationPlatforms) = preSolution
		Debug|Default = Debug|Default
		DebugLocal|Default = DebugLocal|Default
		Release|Default = Release|Default
	EndGlobalSection
	GlobalSection(ProjectConfigurationPlatforms) = postSolution
		{E17AE25F-62CC-49AA-9925-815611E097DD}.Debug|Default.ActiveCfg = Debug
		{E17AE25F-62CC-49AA-9925-815611E097DD}.Debug|Default.Build.0 = Debug
		{E17AE25F-62CC-49AA-9925-815611E097DD}.Debug|Default.Deploy.0 = Debug
		{E17AE25F-62CC-49AA-9925-815611E097DD}.DebugLocal|Default.ActiveCfg = DebugLocal
		{E17AE25F-62CC-49AA-9925-815611E097DD}.DebugLocal|Default.Build.0 = DebugLocal
		{E17AE25F-62CC-49AA-9925-815611E097DD}.Release|Default.ActiveCfg = Release
		{E17AE25F-62CC-49AA-9925-815611E097DD}.Release|Default.Build.0 = Release
		{E17AE25F-62CC-49AA-9925-815611E097DD}.Release|Default.Deploy.0 = Release
	EndGlobalSection
	GlobalSection(SolutionProperties) = preSolution
		HideSolutionNode = FALSE
	EndGlobalSection
EndGlobal
